{
  "requires": true,
  "lockfileVersion": 1,
  "dependencies": {
    "vega-tooltip": {
      "version": "0.13.0",
      "resolved": "https://registry.npmjs.org/vega-tooltip/-/vega-tooltip-0.13.0.tgz",
      "integrity": "sha512-NbeHzpxwKZ+yk+CION3wRH66rx9XGx5v6M82LT6qSIAnUrH8eh+sFtjK6pO7ErXGF5AieAhg8Hfb/NvC8uNMuA==",
      "requires": {
        "vega-util": "1.7.0"
      }
    },
    "vega-util": {
      "version": "1.7.0",
      "resolved": "https://registry.npmjs.org/vega-util/-/vega-util-1.7.0.tgz",
      "integrity": "sha512-IlmYqW0t3UP8AJX4QuOOm5cMPKPOUa8fSTcCvNkfVOR5zvMNFKCVhoZmJSXgcbEhkfboB+ysI2aaWOeW2kKBog=="
    }
  }
}
